PODS:
  - FrameAccessor (1.3.2)
  - GraphKit (1.1.0):
    - FrameAccessor (~> 1.3.2)
    - MKFoundationKit/NSArray (~> 1.2.2)
  - MKFoundationKit/NSArray (1.2.3)

DEPENDENCIES:
  - GraphKit (= 1.1.0)

SPEC CHECKSUMS:
  FrameAccessor: 0f7ba6ce37be9a5d0302a27c731dca70af8d438b
  GraphKit: 36aaf6810449adbf7c351eb528a2c9ea5206f04b
  MKFoundationKit: 882d74557944790d4d9e172961ed71d6a66804b7

PODFILE CHECKSUM: 67d8132dc742a648b1bc865eb7a04ea154188219

COCOAPODS: 1.4.0
